PODS:
  - ReachabilitySwift (5.0.0)
  - SwiftLint (0.50.3)

DEPENDENCIES:
  - ReachabilitySwift
  - SwiftLint

SPEC REPOS:
  trunk:
    - ReachabilitySwift
    - SwiftLint

SPEC CHECKSUMS:
  ReachabilitySwift: 985039c6f7b23a1da463388634119492ff86c825
  SwiftLint: 77f7cb2b9bb81ab4a12fcc86448ba3f11afa50c6

PODFILE CHECKSUM: c915919b0a8a3ef72235a89abf490b036313cc25

COCOAPODS: 1.11.2
